
Microsoft Visual Studio Solution File, Format Version 12.00
# Visual Studio 14
VisualStudioVersion = 14.0.25420.1
MinimumVisualStudioVersion = 10.0.40219.1
Project("{FAE04EC0-301F-11D3-BF4B-00C04F79EFBC}") = "RomanNumeralsConverter", "RomanNumeralsConverter\RomanNumeralsConverter.csproj", "{580B0A17-BE57-4CAA-A8A6-4413E43DD372}"
EndProject
Project("{FAE04EC0-301F-11D3-BF4B-00C04F79EFBC}") = "AmountInWords", "AmountInWords\AmountInWords.csproj", "{B4C34B0D-EB88-4E67-A2E1-6ABA7DAB6804}"
EndProject
Global
	GlobalSection(SolutionConfigurationPlatforms) = preSolution
		Debug|Any CPU = Debug|Any CPU
		Release|Any CPU = Release|Any CPU
	EndGlobalSection
	GlobalSection(ProjectConfigurationPlatforms) = postSolution
		{580B0A17-BE57-4CAA-A8A6-4413E43DD372}.Debug|Any CPU.ActiveCfg = Debug|Any CPU
		{580B0A17-BE57-4CAA-A8A6-4413E43DD372}.Debug|Any CPU.Build.0 = Debug|Any CPU
		{580B0A17-BE57-4CAA-A8A6-4413E43DD372}.Release|Any CPU.ActiveCfg = Release|Any CPU
		{580B0A17-BE57-4CAA-A8A6-4413E43DD372}.Release|Any CPU.Build.0 = Release|Any CPU
		{B4C34B0D-EB88-4E67-A2E1-6ABA7DAB6804}.Debug|Any CPU.ActiveCfg = Debug|Any CPU
		{B4C34B0D-EB88-4E67-A2E1-6ABA7DAB6804}.Debug|Any CPU.Build.0 = Debug|Any CPU
		{B4C34B0D-EB88-4E67-A2E1-6ABA7DAB6804}.Release|Any CPU.ActiveCfg = Release|Any CPU
		{B4C34B0D-EB88-4E67-A2E1-6ABA7DAB6804}.Release|Any CPU.Build.0 = Release|Any CPU
	EndGlobalSection
	GlobalSection(SolutionProperties) = preSolution
		HideSolutionNode = FALSE
	EndGlobalSection
EndGlobal
